
Microsoft Visual Studio Solution File, Format Version 12.00
# Visual Studio 15
VisualStudioVersion = 15.0.28307.645
MinimumVisualStudioVersion = 10.0.40219.1
Project("{FAE04EC0-301F-11D3-BF4B-00C04F79EFBC}") = "COMP123-S2019-Assignment5", "COMP123-S2019-Assignment5\COMP123-S2019-Assignment5.csproj", "{7A5BE564-4C00-49F1-8848-E989CEECAB69}"
EndProject
Global
	GlobalSection(SolutionConfigurationPlatforms) = preSolution
		Debug|Any CPU = Debug|Any CPU
		Release|Any CPU = Release|Any CPU
	EndGlobalSection
	GlobalSection(ProjectConfigurationPlatforms) = postSolution
		{7A5BE564-4C00-49F1-8848-E989CEECAB69}.Debug|Any CPU.ActiveCfg = Debug|Any CPU
		{7A5BE564-4C00-49F1-8848-E989CEECAB69}.Debug|Any CPU.Build.0 = Debug|Any CPU
		{7A5BE564-4C00-49F1-8848-E989CEECAB69}.Release|Any CPU.ActiveCfg = Release|Any CPU
		{7A5BE564-4C00-49F1-8848-E989CEECAB69}.Release|Any CPU.Build.0 = Release|Any CPU
	EndGlobalSection
	GlobalSection(SolutionProperties) = preSolution
		HideSolutionNode = FALSE
	EndGlobalSection
	GlobalSection(ExtensibilityGlobals) = postSolution
		SolutionGuid = {14388357-AD74-4455-B0FF-CC933A4AFD8D}
	EndGlobalSection
EndGlobal
